<?xml version="1.0" encoding="utf-8"?>
<Project ToolsVersion="4.0" xmlns="http://schemas.microsoft.com/developer/msbuild/2003">
  <ItemGroup>
    <Filter Include="Source Files">
      <UniqueIdentifier>{4FC737F1-C7A5-4376-A066-2A32D752A2FF}</UniqueIdentifier>
      <Extensions>cpp;c;cc;cxx;def;odl;idl;hpj;bat;asm;asmx</Extensions>
    </Filter>
    <Filter Include="Header Files">
      <UniqueIdentifier>{93995380-89BD-4b04-88EB-625FBE52EBFB}</UniqueIdentifier>
      <Extensions>h;hpp;hxx;hm;inl;inc;xsd</Extensions>
    </Filter>
    <Filter Include="Resource Files">
      <UniqueIdentifier>{67DA6AB6-F800-4c08-8B7A-83BB121AAD01}</UniqueIdentifier>
      <Extensions>rc;ico;cur;bmp;dlg;rc2;rct;bin;rgs;gif;jpg;jpeg;jpe;resx;tiff;tif;png;wav;mfcribbon-ms</Extensions>
    </Filter>
  </ItemGroup>
  <ItemGroup>
    <ClCompile Include="main.cpp">
      <Filter>Source Files</Filter>
    </ClCompile>
    <ClCompile Include="GL\glfw\enable.c">
      <Filter>Source Files</Filter>
    </ClCompile>
    <ClCompile Include="GL\glfw\fullscreen.c">
      <Filter>Source Files</Filter>
    </ClCompile>
    <ClCompile Include="GL\glfw\glext.c">
      <Filter>Source Files</Filter>
    </ClCompile>
    <ClCompile Include="GL\glfw\image.c">
      <Filter>Source Files</Filter>
    </ClCompile>
    <ClCompile Include="GL\glfw\init.c">
      <Filter>Source Files</Filter>
    </ClCompile>
    <ClCompile Include="GL\glfw\input.c">
      <Filter>Source Files</Filter>
    </ClCompile>
    <ClCompile Include="GL\glfw\joystick.c">
      <Filter>Source Files</Filter>
    </ClCompile>
    <ClCompile Include="GL\glfw\stream.c">
      <Filter>Source Files</Filter>
    </ClCompile>
    <ClCompile Include="GL\glfw\tga.c">
      <Filter>Source Files</Filter>
    </ClCompile>
    <ClCompile Include="GL\glfw\thread.c">
      <Filter>Source Files</Filter>
    </ClCompile>
    <ClCompile Include="GL\glfw\time.c">
      <Filter>Source Files</Filter>
    </ClCompile>
    <ClCompile Include="GL\glfw\win32_dllmain.c">
      <Filter>Source Files</Filter>
    </ClCompile>
    <ClCompile Include="GL\glfw\win32_enable.c">
      <Filter>Source Files</Filter>
    </ClCompile>
    <ClCompile Include="GL\glfw\win32_fullscreen.c">
      <Filter>Source Files</Filter>
    </ClCompile>
    <ClCompile Include="GL\glfw\win32_glext.c">
      <Filter>Source Files</Filter>
    </ClCompile>
    <ClCompile Include="GL\glfw\win32_init.c">
      <Filter>Source Files</Filter>
    </ClCompile>
    <ClCompile Include="GL\glfw\win32_joystick.c">
      <Filter>Source Files</Filter>
    </ClCompile>
    <ClCompile Include="GL\glfw\win32_thread.c">
      <Filter>Source Files</Filter>
    </ClCompile>
    <ClCompile Include="GL\glfw\win32_time.c">
      <Filter>Source Files</Filter>
    </ClCompile>
    <ClCompile Include="GL\glfw\win32_window.c">
      <Filter>Source Files</Filter>
    </ClCompile>
    <ClCompile Include="GL\glfw\window.c">
      <Filter>Source Files</Filter>
    </ClCompile>
    <ClCompile Include="glen\Window\Window.cpp">
      <Filter>Source Files</Filter>
    </ClCompile>
    <ClCompile Include="GL\glew.c">
      <Filter>Source Files</Filter>
    </ClCompile>
    <ClCompile Include="glen\System\Core.cpp">
      <Filter>Source Files</Filter>
    </ClCompile>
    <ClCompile Include="glen\System\Startup.cpp">
      <Filter>Source Files</Filter>
    </ClCompile>
    <ClCompile Include="glen\Window\MessageBox.cpp">
      <Filter>Source Files</Filter>
    </ClCompile>
    <ClCompile Include="glen\Graphics\Shader.cpp">
      <Filter>Source Files</Filter>
    </ClCompile>
    <ClCompile Include="glen\Graphics\ShaderProgram.cpp">
      <Filter>Source Files</Filter>
    </ClCompile>
    <ClCompile Include="Scenes\TestScene.cpp">
      <Filter>Source Files</Filter>
    </ClCompile>
    <ClCompile Include="glen\Graphics\Scene.cpp">
      <Filter>Source Files</Filter>
    </ClCompile>
    <ClCompile Include="glen\System\SceneManager.cpp">
      <Filter>Source Files</Filter>
    </ClCompile>
    <ClCompile Include="glen\Game\Entity.cpp">
      <Filter>Source Files</Filter>
    </ClCompile>
    <ClCompile Include="glen\Game\Component.cpp">
      <Filter>Source Files</Filter>
    </ClCompile>
    <ClCompile Include="glen\Graphics\Color.cpp">
      <Filter>Source Files</Filter>
    </ClCompile>
    <ClCompile Include="til\TILFileStream.cpp">
      <Filter>Source Files</Filter>
    </ClCompile>
    <ClCompile Include="til\TILFileStreamStd.cpp">
      <Filter>Source Files</Filter>
    </ClCompile>
    <ClCompile Include="til\TILImage.cpp">
      <Filter>Source Files</Filter>
    </ClCompile>
    <ClCompile Include="til\TILImageBMP.cpp">
      <Filter>Source Files</Filter>
    </ClCompile>
    <ClCompile Include="til\TILImageDDS.cpp">
      <Filter>Source Files</Filter>
    </ClCompile>
    <ClCompile Include="til\TILImageGIF.cpp">
      <Filter>Source Files</Filter>
    </ClCompile>
    <ClCompile Include="til\TILImageICO.cpp">
      <Filter>Source Files</Filter>
    </ClCompile>
    <ClCompile Include="til\TILImagePNG.cpp">
      <Filter>Source Files</Filter>
    </ClCompile>
    <ClCompile Include="til\TILImageTemplate.cpp">
      <Filter>Source Files</Filter>
    </ClCompile>
    <ClCompile Include="til\TILImageTGA.cpp">
      <Filter>Source Files</Filter>
    </ClCompile>
    <ClCompile Include="til\TinyImageLoader.cpp">
      <Filter>Source Files</Filter>
    </ClCompile>
    <ClCompile Include="glen\System\Sleep.cpp">
      <Filter>Source Files</Filter>
    </ClCompile>
    <ClCompile Include="glen\System\Time.cpp">
      <Filter>Source Files</Filter>
    </ClCompile>
    <ClCompile Include="glen\Window\VideoMode.cpp">
      <Filter>Source Files</Filter>
    </ClCompile>
    <ClCompile Include="glen\Graphics\MeshLoader.cpp">
      <Filter>Source Files</Filter>
    </ClCompile>
    <ClCompile Include="glen\Graphics\Camera.cpp">
      <Filter>Source Files</Filter>
    </ClCompile>
    <ClCompile Include="glen\System\Transformable.cpp">
      <Filter>Source Files</Filter>
    </ClCompile>
  </ItemGroup>
  <ItemGroup>
    <ClInclude Include="GL\wglew.h">
      <Filter>Header Files</Filter>
    </ClInclude>
    <ClInclude Include="GL\glew.h">
      <Filter>Header Files</Filter>
    </ClInclude>
    <ClInclude Include="GL\glxew.h">
      <Filter>Header Files</Filter>
    </ClInclude>
    <ClInclude Include="GL\glfw.h">
      <Filter>Header Files</Filter>
    </ClInclude>
    <ClInclude Include="GL\glfw\internal.h">
      <Filter>Header Files</Filter>
    </ClInclude>
    <ClInclude Include="GL\glfw\platform.h">
      <Filter>Header Files</Filter>
    </ClInclude>
    <ClInclude Include="glen\Config.hpp">
      <Filter>Header Files</Filter>
    </ClInclude>
    <ClInclude Include="glen\Window\Window.hpp">
      <Filter>Header Files</Filter>
    </ClInclude>
    <ClInclude Include="glen\Window\WindowStyle.hpp">
      <Filter>Header Files</Filter>
    </ClInclude>
    <ClInclude Include="glen\ogl.h">
      <Filter>Header Files</Filter>
    </ClInclude>
    <ClInclude Include="glen\glen.h">
      <Filter>Header Files</Filter>
    </ClInclude>
    <ClInclude Include="glen\System\Core.hpp">
      <Filter>Header Files</Filter>
    </ClInclude>
    <ClInclude Include="glen\System\Startup.hpp">
      <Filter>Header Files</Filter>
    </ClInclude>
    <ClInclude Include="glen\Window\MessageBox.hpp">
      <Filter>Header Files</Filter>
    </ClInclude>
    <ClInclude Include="glen\Graphics\Shader.hpp">
      <Filter>Header Files</Filter>
    </ClInclude>
    <ClInclude Include="glen\Graphics\ShaderProgram.hpp">
      <Filter>Header Files</Filter>
    </ClInclude>
    <ClInclude Include="Scenes\TestScene.hpp">
      <Filter>Header Files</Filter>
    </ClInclude>
    <ClInclude Include="glen\Graphics\Scene.hpp">
      <Filter>Header Files</Filter>
    </ClInclude>
    <ClInclude Include="glen\System\SceneManager.hpp">
      <Filter>Header Files</Filter>
    </ClInclude>
    <ClInclude Include="glen\Game\Entity.hpp">
      <Filter>Header Files</Filter>
    </ClInclude>
    <ClInclude Include="glen\Game\Component.hpp">
      <Filter>Header Files</Filter>
    </ClInclude>
    <ClInclude Include="glen\Graphics\Color.hpp">
      <Filter>Header Files</Filter>
    </ClInclude>
    <ClInclude Include="til\TILColors.h">
      <Filter>Header Files</Filter>
    </ClInclude>
    <ClInclude Include="til\TILFileStream.h">
      <Filter>Header Files</Filter>
    </ClInclude>
    <ClInclude Include="til\TILFileStreamStd.h">
      <Filter>Header Files</Filter>
    </ClInclude>
    <ClInclude Include="til\TILImage.h">
      <Filter>Header Files</Filter>
    </ClInclude>
    <ClInclude Include="til\TILImageBMP.h">
      <Filter>Header Files</Filter>
    </ClInclude>
    <ClInclude Include="til\TILImageDDS.h">
      <Filter>Header Files</Filter>
    </ClInclude>
    <ClInclude Include="til\TILImageGIF.h">
      <Filter>Header Files</Filter>
    </ClInclude>
    <ClInclude Include="til\TILImageICO.h">
      <Filter>Header Files</Filter>
    </ClInclude>
    <ClInclude Include="til\TILImagePNG.h">
      <Filter>Header Files</Filter>
    </ClInclude>
    <ClInclude Include="til\TILImageTemplate.h">
      <Filter>Header Files</Filter>
    </ClInclude>
    <ClInclude Include="til\TILImageTGA.h">
      <Filter>Header Files</Filter>
    </ClInclude>
    <ClInclude Include="til\TILInternal.h">
      <Filter>Header Files</Filter>
    </ClInclude>
    <ClInclude Include="til\TILSettings.h">
      <Filter>Header Files</Filter>
    </ClInclude>
    <ClInclude Include="til\TinyImageLoader.h">
      <Filter>Header Files</Filter>
    </ClInclude>
    <ClInclude Include="glen\System\Time.hpp">
      <Filter>Header Files</Filter>
    </ClInclude>
    <ClInclude Include="glen\System\Sleep.hpp">
      <Filter>Header Files</Filter>
    </ClInclude>
    <ClInclude Include="glen\Window\VideoMode.hpp">
      <Filter>Header Files</Filter>
    </ClInclude>
    <ClInclude Include="glen\System\Vector2.hpp">
      <Filter>Header Files</Filter>
    </ClInclude>
    <ClInclude Include="glen\System\Vector3.hpp">
      <Filter>Header Files</Filter>
    </ClInclude>
    <ClInclude Include="glen\System\Vector4.hpp">
      <Filter>Header Files</Filter>
    </ClInclude>
    <ClInclude Include="glen\Graphics\MeshData.hpp">
      <Filter>Header Files</Filter>
    </ClInclude>
    <ClInclude Include="glen\Graphics\MeshLoader.hpp">
      <Filter>Header Files</Filter>
    </ClInclude>
    <ClInclude Include="glen\Graphics\Camera.hpp">
      <Filter>Header Files</Filter>
    </ClInclude>
    <ClInclude Include="glen\System\Transformable.hpp">
      <Filter>Header Files</Filter>
    </ClInclude>
  </ItemGroup>
  <ItemGroup>
    <None Include="GL\glfw\glfwdll.def">
      <Filter>Source Files</Filter>
    </None>
    <None Include="glen\System\Vector2.inl">
      <Filter>Header Files</Filter>
    </None>
    <None Include="glen\System\Vector3.inl">
      <Filter>Header Files</Filter>
    </None>
    <None Include="glen\System\Vector4.inl">
      <Filter>Header Files</Filter>
    </None>
  </ItemGroup>
</Project>